<?xml version="1.0" encoding="utf-8"?>
<Project ToolsVersion="4.0" xmlns="http://schemas.microsoft.com/developer/msbuild/2003">
  <ItemGroup>
    <ApplicationDefinition Include="App.xaml" />
  </ItemGroup>
  <ItemGroup>
    <ClCompile Include="pch.cpp" />
    <ClCompile Include="$(GeneratedFilesDir)module.g.cpp" />
    <ClCompile Include="Core\IRC\IrcSocket.cpp">
      <Filter>Core\IRC</Filter>
    </ClCompile>
    <ClCompile Include="Core\IRC\IrcClient.cpp">
      <Filter>Core\IRC</Filter>
    </ClCompile>
    <ClCompile Include="Core\Settings\Settings.cpp">
      <Filter>Core\Settings</Filter>
    </ClCompile>
  </ItemGroup>
  <ItemGroup>
    <ClInclude Include="pch.h" />
    <ClInclude Include="Core\IRC\IrcMessage.h">
      <Filter>Core\IRC</Filter>
    </ClInclude>
    <ClInclude Include="Core\IRC\IrcSocket.h">
      <Filter>Core\IRC</Filter>
    </ClInclude>
    <ClInclude Include="Core\IRC\IrcClient.h">
      <Filter>Core\IRC</Filter>
    </ClInclude>
    <ClInclude Include="Core\Settings\Setting.h">
      <Filter>Core\Settings</Filter>
    </ClInclude>
    <ClInclude Include="Core\Settings\Settings.h">
      <Filter>Core\Settings</Filter>
    </ClInclude>
  </ItemGroup>
  <ItemGroup>
    <Image Include="Assets\LockScreenLogo.scale-200.png">
      <Filter>Assets</Filter>
    </Image>
    <Image Include="Assets\SplashScreen.scale-200.png">
      <Filter>Assets</Filter>
    </Image>
    <Image Include="Assets\Square44x44Logo.scale-200.png">
      <Filter>Assets</Filter>
    </Image>
    <Image Include="Assets\Square44x44Logo.targetsize-24_altform-unplated.png">
      <Filter>Assets</Filter>
    </Image>
    <Image Include="Assets\Square150x150Logo.scale-200.png">
      <Filter>Assets</Filter>
    </Image>
    <Image Include="Assets\StoreLogo.png">
      <Filter>Assets</Filter>
    </Image>
    <Image Include="Assets\Wide310x150Logo.scale-200.png">
      <Filter>Assets</Filter>
    </Image>
  </ItemGroup>
  <ItemGroup>
    <AppxManifest Include="Package.appxmanifest" />
  </ItemGroup>
  <ItemGroup>
    <None Include="PropertySheet.props" />
    <None Include="packages.config" />
  </ItemGroup>
  <ItemGroup>
    <Text Include="readme.txt" />
  </ItemGroup>
  <ItemGroup>
    <Page Include="MainPage.xaml" />
    <Page Include="Pages\SettingsPage.xaml">
      <Filter>Pages</Filter>
    </Page>
  </ItemGroup>
  <ItemGroup>
    <Filter Include="Assets">
      <UniqueIdentifier>{dd51f70e-c8f5-48a6-b052-fef4832dc06e}</UniqueIdentifier>
    </Filter>
    <Filter Include="Core">
      <UniqueIdentifier>{f474ba7f-7275-4214-b4f9-0b77fcd17365}</UniqueIdentifier>
    </Filter>
    <Filter Include="Core\IRC">
      <UniqueIdentifier>{720ff08d-4c1c-4734-8228-5df806f07394}</UniqueIdentifier>
    </Filter>
    <Filter Include="Core\Settings">
      <UniqueIdentifier>{559cbe9a-c19f-4566-a198-214259565a21}</UniqueIdentifier>
    </Filter>
    <Filter Include="Pages">
      <UniqueIdentifier>{975ff08d-ab11-4fb8-9518-0ef568e812df}</UniqueIdentifier>
    </Filter>
  </ItemGroup>
</Project>